# This file was autogenerated by Stack.
# You should not edit this file by hand.
# For more information, please see the documentation at:
#   https://docs.haskellstack.org/en/stable/lock_files

packages:
- completed:
    hackage: system-locale-0.3.0.0@sha256:13b3982403d8ac8cc6138e68802be8d8e7cf7ebc4cbc7e47e99e3c0dd1be066a,1529
    pantry-tree:
      size: 446
      sha256: 3b22af3e6315835bf614a0d30381ec7e47aca147b59ba601aeaa26f1fdc19373
  original:
    hackage: system-locale-0.3.0.0@sha256:13b3982403d8ac8cc6138e68802be8d8e7cf7ebc4cbc7e47e99e3c0dd1be066a,1529
snapshots:
- completed:
    size: 524154
    url: https://raw.githubusercontent.com/commercialhaskell/stackage-snapshots/master/lts/14/20.yaml
    sha256: 2f5099f69ddb6abfe64400fe1e6a604e8e628f55e6837211cd70a81eb0a8fa4d
  original: lts-14.20
